
Microsoft Visual Studio Solution File, Format Version 12.00
# Visual Studio Version 16
VisualStudioVersion = 16.0.32228.343
MinimumVisualStudioVersion = 10.0.40219.1
Project("{FAE04EC0-301F-11D3-BF4B-00C04F79EFBC}") = "LinkedIn", "LinkedIn\LinkedIn.csproj", "{75EFF078-5D37-48ED-959D-890747D189A8}"
EndProject
Project("{FAE04EC0-301F-11D3-BF4B-00C04F79EFBC}") = "LinkedIn.infra", "LinkedIn.infra\LinkedIn.infra.csproj", "{A6FA537B-D4A0-4F01-83F0-3B7C85B1AF5C}"
EndProject
Project("{FAE04EC0-301F-11D3-BF4B-00C04F79EFBC}") = "LinkedIn.core", "LinkedIn.core\LinkedIn.core.csproj", "{7850F856-CD47-4048-AE26-026797CDA93E}"
EndProject
Global
	GlobalSection(SolutionConfigurationPlatforms) = preSolution
		Debug|Any CPU = Debug|Any CPU
		Release|Any CPU = Release|Any CPU
	EndGlobalSection
	GlobalSection(ProjectConfigurationPlatforms) = postSolution
		{75EFF078-5D37-48ED-959D-890747D189A8}.Debug|Any CPU.ActiveCfg = Debug|Any CPU
		{75EFF078-5D37-48ED-959D-890747D189A8}.Debug|Any CPU.Build.0 = Debug|Any CPU
		{75EFF078-5D37-48ED-959D-890747D189A8}.Release|Any CPU.ActiveCfg = Release|Any CPU
		{75EFF078-5D37-48ED-959D-890747D189A8}.Release|Any CPU.Build.0 = Release|Any CPU
		{A6FA537B-D4A0-4F01-83F0-3B7C85B1AF5C}.Debug|Any CPU.ActiveCfg = Debug|Any CPU
		{A6FA537B-D4A0-4F01-83F0-3B7C85B1AF5C}.Debug|Any CPU.Build.0 = Debug|Any CPU
		{A6FA537B-D4A0-4F01-83F0-3B7C85B1AF5C}.Release|Any CPU.ActiveCfg = Release|Any CPU
		{A6FA537B-D4A0-4F01-83F0-3B7C85B1AF5C}.Release|Any CPU.Build.0 = Release|Any CPU
		{7850F856-CD47-4048-AE26-026797CDA93E}.Debug|Any CPU.ActiveCfg = Debug|Any CPU
		{7850F856-CD47-4048-AE26-026797CDA93E}.Debug|Any CPU.Build.0 = Debug|Any CPU
		{7850F856-CD47-4048-AE26-026797CDA93E}.Release|Any CPU.ActiveCfg = Release|Any CPU
		{7850F856-CD47-4048-AE26-026797CDA93E}.Release|Any CPU.Build.0 = Release|Any CPU
	EndGlobalSection
	GlobalSection(SolutionProperties) = preSolution
		HideSolutionNode = FALSE
	EndGlobalSection
	GlobalSection(ExtensibilityGlobals) = postSolution
		SolutionGuid = {C2D2DA99-2CB1-4DA8-8325-F0F47BD29A3C}
	EndGlobalSection
EndGlobal
